
Microsoft Visual Studio Solution File, Format Version 12.00
Project("{FAE04EC0-301F-11D3-BF4B-00C04F79EFBC}") = "EmploRecrutingTask2-5", "EmploRecrutingTask2-5\EmploRecrutingTask2-5.csproj", "{C360B8DE-8CB0-4F09-8145-D652AD6FC3B4}"
EndProject
Project("{FAE04EC0-301F-11D3-BF4B-00C04F79EFBC}") = "EmploRecrutingTask5Tests", "EmploRecrutingTask5Tests\EmploRecrutingTask5Tests.csproj", "{59DBADC3-D45A-4C13-94FC-26E537F3F853}"
EndProject
Global
	GlobalSection(SolutionConfigurationPlatforms) = preSolution
		Debug|Any CPU = Debug|Any CPU
		Release|Any CPU = Release|Any CPU
	EndGlobalSection
	GlobalSection(ProjectConfigurationPlatforms) = postSolution
		{C360B8DE-8CB0-4F09-8145-D652AD6FC3B4}.Debug|Any CPU.ActiveCfg = Debug|Any CPU
		{C360B8DE-8CB0-4F09-8145-D652AD6FC3B4}.Debug|Any CPU.Build.0 = Debug|Any CPU
		{C360B8DE-8CB0-4F09-8145-D652AD6FC3B4}.Release|Any CPU.ActiveCfg = Release|Any CPU
		{C360B8DE-8CB0-4F09-8145-D652AD6FC3B4}.Release|Any CPU.Build.0 = Release|Any CPU
		{59DBADC3-D45A-4C13-94FC-26E537F3F853}.Debug|Any CPU.ActiveCfg = Debug|Any CPU
		{59DBADC3-D45A-4C13-94FC-26E537F3F853}.Debug|Any CPU.Build.0 = Debug|Any CPU
		{59DBADC3-D45A-4C13-94FC-26E537F3F853}.Release|Any CPU.ActiveCfg = Release|Any CPU
		{59DBADC3-D45A-4C13-94FC-26E537F3F853}.Release|Any CPU.Build.0 = Release|Any CPU
	EndGlobalSection
EndGlobal
